
Microsoft Visual Studio Solution File, Format Version 12.00
# Visual Studio Version 17
VisualStudioVersion = 17.0.31903.59
MinimumVisualStudioVersion = 10.0.40219.1
Project("{2150E333-8FDC-42A3-9474-1A3956D46DE8}") = "src", "src", "{827E0CD3-B72D-47B6-A68D-7590B98EB39B}"
EndProject
Project("{FAE04EC0-301F-11D3-BF4B-00C04F79EFBC}") = "NextGenEmby.Core", "src\NextGenEmby.Core\NextGenEmby.Core.csproj", "{3E3D8F22-1FD8-4A53-81D4-11998454C03B}"
EndProject
Project("{A5A43C5B-DE2A-4C0C-9213-0B5B7EC3F2D1}") = "NextGenEmby.App", "src\NextGenEmby.App\NextGenEmby.App.csproj", "{2F85D12F-04BB-42E1-AE35-A9047E1E0111}"
EndProject
Project("{BC8A1FFA-BEE3-4634-8014-F334798102B3}") = "NextGenEmby.Native", "src\NextGenEmby.Native\NextGenEmby.Native.vcxproj", "{6F1A9D90-7A7D-4E91-8468-80D12D91A7D5}"
EndProject
Project("{2150E333-8FDC-42A3-9474-1A3956D46DE8}") = "tests", "tests", "{0AB3BF05-4346-4AA6-1389-037BE0695223}"
EndProject
Project("{FAE04EC0-301F-11D3-BF4B-00C04F79EFBC}") = "NextGenEmby.Core.Tests", "tests\NextGenEmby.Core.Tests\NextGenEmby.Core.Tests.csproj", "{73C95171-A846-4069-BEF0-6F253285899B}"
EndProject
Global
	GlobalSection(SolutionConfigurationPlatforms) = preSolution
		Debug|Any CPU = Debug|Any CPU
		Debug|x64 = Debug|x64
		Debug|x86 = Debug|x86
		Release|Any CPU = Release|Any CPU
		Release|x64 = Release|x64
		Release|x86 = Release|x86
	EndGlobalSection
	GlobalSection(ProjectConfigurationPlatforms) = postSolution
		{3E3D8F22-1FD8-4A53-81D4-11998454C03B}.Debug|Any CPU.ActiveCfg = Debug|Any CPU
		{3E3D8F22-1FD8-4A53-81D4-11998454C03B}.Debug|Any CPU.Build.0 = Debug|Any CPU
		{3E3D8F22-1FD8-4A53-81D4-11998454C03B}.Debug|x64.ActiveCfg = Debug|Any CPU
		{3E3D8F22-1FD8-4A53-81D4-11998454C03B}.Debug|x64.Build.0 = Debug|Any CPU
		{3E3D8F22-1FD8-4A53-81D4-11998454C03B}.Debug|x86.ActiveCfg = Debug|Any CPU
		{3E3D8F22-1FD8-4A53-81D4-11998454C03B}.Debug|x86.Build.0 = Debug|Any CPU
		{3E3D8F22-1FD8-4A53-81D4-11998454C03B}.Release|Any CPU.ActiveCfg = Release|Any CPU
		{3E3D8F22-1FD8-4A53-81D4-11998454C03B}.Release|Any CPU.Build.0 = Release|Any CPU
		{3E3D8F22-1FD8-4A53-81D4-11998454C03B}.Release|x64.ActiveCfg = Release|Any CPU
		{3E3D8F22-1FD8-4A53-81D4-11998454C03B}.Release|x64.Build.0 = Release|Any CPU
		{3E3D8F22-1FD8-4A53-81D4-11998454C03B}.Release|x86.ActiveCfg = Release|Any CPU
		{3E3D8F22-1FD8-4A53-81D4-11998454C03B}.Release|x86.Build.0 = Release|Any CPU
		{2F85D12F-04BB-42E1-AE35-A9047E1E0111}.Debug|Any CPU.ActiveCfg = Debug|x64
		{2F85D12F-04BB-42E1-AE35-A9047E1E0111}.Debug|Any CPU.Build.0 = Debug|x64
		{2F85D12F-04BB-42E1-AE35-A9047E1E0111}.Debug|x64.ActiveCfg = Debug|x64
		{2F85D12F-04BB-42E1-AE35-A9047E1E0111}.Debug|x64.Build.0 = Debug|x64
		{2F85D12F-04BB-42E1-AE35-A9047E1E0111}.Debug|x86.ActiveCfg = Debug|x86
		{2F85D12F-04BB-42E1-AE35-A9047E1E0111}.Debug|x86.Build.0 = Debug|x86
		{2F85D12F-04BB-42E1-AE35-A9047E1E0111}.Release|Any CPU.ActiveCfg = Release|x64
		{2F85D12F-04BB-42E1-AE35-A9047E1E0111}.Release|Any CPU.Build.0 = Release|x64
		{2F85D12F-04BB-42E1-AE35-A9047E1E0111}.Release|x64.ActiveCfg = Release|x64
		{2F85D12F-04BB-42E1-AE35-A9047E1E0111}.Release|x64.Build.0 = Release|x64
		{2F85D12F-04BB-42E1-AE35-A9047E1E0111}.Release|x86.ActiveCfg = Release|x86
		{2F85D12F-04BB-42E1-AE35-A9047E1E0111}.Release|x86.Build.0 = Release|x86
		{6F1A9D90-7A7D-4E91-8468-80D12D91A7D5}.Debug|Any CPU.ActiveCfg = Debug|x64
		{6F1A9D90-7A7D-4E91-8468-80D12D91A7D5}.Debug|Any CPU.Build.0 = Debug|x64
		{6F1A9D90-7A7D-4E91-8468-80D12D91A7D5}.Debug|x64.ActiveCfg = Debug|x64
		{6F1A9D90-7A7D-4E91-8468-80D12D91A7D5}.Debug|x64.Build.0 = Debug|x64
		{6F1A9D90-7A7D-4E91-8468-80D12D91A7D5}.Debug|x86.ActiveCfg = Debug|Win32
		{6F1A9D90-7A7D-4E91-8468-80D12D91A7D5}.Debug|x86.Build.0 = Debug|Win32
		{6F1A9D90-7A7D-4E91-8468-80D12D91A7D5}.Release|Any CPU.ActiveCfg = Release|x64
		{6F1A9D90-7A7D-4E91-8468-80D12D91A7D5}.Release|Any CPU.Build.0 = Release|x64
		{6F1A9D90-7A7D-4E91-8468-80D12D91A7D5}.Release|x64.ActiveCfg = Release|x64
		{6F1A9D90-7A7D-4E91-8468-80D12D91A7D5}.Release|x64.Build.0 = Release|x64
		{6F1A9D90-7A7D-4E91-8468-80D12D91A7D5}.Release|x86.ActiveCfg = Release|Win32
		{6F1A9D90-7A7D-4E91-8468-80D12D91A7D5}.Release|x86.Build.0 = Release|Win32
		{73C95171-A846-4069-BEF0-6F253285899B}.Debug|Any CPU.ActiveCfg = Debug|Any CPU
		{73C95171-A846-4069-BEF0-6F253285899B}.Debug|Any CPU.Build.0 = Debug|Any CPU
		{73C95171-A846-4069-BEF0-6F253285899B}.Debug|x64.ActiveCfg = Debug|Any CPU
		{73C95171-A846-4069-BEF0-6F253285899B}.Debug|x64.Build.0 = Debug|Any CPU
		{73C95171-A846-4069-BEF0-6F253285899B}.Debug|x86.ActiveCfg = Debug|Any CPU
		{73C95171-A846-4069-BEF0-6F253285899B}.Debug|x86.Build.0 = Debug|Any CPU
		{73C95171-A846-4069-BEF0-6F253285899B}.Release|Any CPU.ActiveCfg = Release|Any CPU
		{73C95171-A846-4069-BEF0-6F253285899B}.Release|Any CPU.Build.0 = Release|Any CPU
		{73C95171-A846-4069-BEF0-6F253285899B}.Release|x64.ActiveCfg = Release|Any CPU
		{73C95171-A846-4069-BEF0-6F253285899B}.Release|x64.Build.0 = Release|Any CPU
		{73C95171-A846-4069-BEF0-6F253285899B}.Release|x86.ActiveCfg = Release|Any CPU
		{73C95171-A846-4069-BEF0-6F253285899B}.Release|x86.Build.0 = Release|Any CPU
	EndGlobalSection
	GlobalSection(SolutionProperties) = preSolution
		HideSolutionNode = FALSE
	EndGlobalSection
	GlobalSection(NestedProjects) = preSolution
		{3E3D8F22-1FD8-4A53-81D4-11998454C03B} = {827E0CD3-B72D-47B6-A68D-7590B98EB39B}
		{2F85D12F-04BB-42E1-AE35-A9047E1E0111} = {827E0CD3-B72D-47B6-A68D-7590B98EB39B}
		{6F1A9D90-7A7D-4E91-8468-80D12D91A7D5} = {827E0CD3-B72D-47B6-A68D-7590B98EB39B}
		{73C95171-A846-4069-BEF0-6F253285899B} = {0AB3BF05-4346-4AA6-1389-037BE0695223}
	EndGlobalSection
EndGlobal
