Microsoft Visual Studio Solution File, Format Version 12.00
# Visual Studio Version 18
VisualStudioVersion = 18.0.10000.0
MinimumVisualStudioVersion = 10.0.40219.1
Project("{2150E333-8FDC-42A3-9474-1A3956D46DE8}") = "src", "src", "{827E0CD3-B72D-47B6-A68D-7590B98EB39B}"
EndProject
Project("{9A19103F-16F7-4668-BE54-9A1E7A4F7556}") = "NoiraPlayer.Core", "src\NoiraPlayer.Core\NoiraPlayer.Core.csproj", "{3E3D8F22-1FD8-4A53-81D4-11998454C03B}"
EndProject
Project("{9A19103F-16F7-4668-BE54-9A1E7A4F7556}") = "NoiraPlayer.App.Modern", "src\NoiraPlayer.App\NoiraPlayer.App.Modern.csproj", "{C15FAD0B-1772-4DAB-B9AF-7235E4026685}"
EndProject
Project("{BC8A1FFA-BEE3-4634-8014-F334798102B3}") = "NoiraPlayer.Native", "src\NoiraPlayer.Native\NoiraPlayer.Native.vcxproj", "{6F1A9D90-7A7D-4E91-8468-80D12D91A7D5}"
EndProject
Project("{2150E333-8FDC-42A3-9474-1A3956D46DE8}") = "tests", "tests", "{0AB3BF05-4346-4AA6-1389-037BE0695223}"
EndProject
Project("{9A19103F-16F7-4668-BE54-9A1E7A4F7556}") = "NoiraPlayer.Core.Tests", "tests\NoiraPlayer.Core.Tests\NoiraPlayer.Core.Tests.csproj", "{73C95171-A846-4069-BEF0-6F253285899B}"
EndProject
Project("{2150E333-8FDC-42A3-9474-1A3956D46DE8}") = "tools", "tools", "{61FA0D9E-B582-43B2-A2B6-7003299C2980}"
EndProject
Project("{9A19103F-16F7-4668-BE54-9A1E7A4F7556}") = "NoiraPlayer.PlaybackQuality.Headless", "tools\NoiraPlayer.PlaybackQuality.Headless\NoiraPlayer.PlaybackQuality.Headless.csproj", "{9FD65A5A-8A52-4CE3-913D-DB37C5E737D2}"
EndProject
Project("{9A19103F-16F7-4668-BE54-9A1E7A4F7556}") = "NoiraPlayer.PlaybackQuality.Cli", "tools\NoiraPlayer.PlaybackQuality.Cli\NoiraPlayer.PlaybackQuality.Cli.csproj", "{D4DDBAF0-0D62-4F2F-BF34-1ED2C4D82D78}"
EndProject
Global
	GlobalSection(SolutionConfigurationPlatforms) = preSolution
		Debug|x64 = Debug|x64
		Release|x64 = Release|x64
	EndGlobalSection
	GlobalSection(ProjectConfigurationPlatforms) = postSolution
		{3E3D8F22-1FD8-4A53-81D4-11998454C03B}.Debug|x64.ActiveCfg = Debug|Any CPU
		{3E3D8F22-1FD8-4A53-81D4-11998454C03B}.Debug|x64.Build.0 = Debug|Any CPU
		{3E3D8F22-1FD8-4A53-81D4-11998454C03B}.Release|x64.ActiveCfg = Release|Any CPU
		{3E3D8F22-1FD8-4A53-81D4-11998454C03B}.Release|x64.Build.0 = Release|Any CPU
		{C15FAD0B-1772-4DAB-B9AF-7235E4026685}.Debug|x64.ActiveCfg = Debug|x64
		{C15FAD0B-1772-4DAB-B9AF-7235E4026685}.Debug|x64.Build.0 = Debug|x64
		{C15FAD0B-1772-4DAB-B9AF-7235E4026685}.Release|x64.ActiveCfg = Release|x64
		{C15FAD0B-1772-4DAB-B9AF-7235E4026685}.Release|x64.Build.0 = Release|x64
		{6F1A9D90-7A7D-4E91-8468-80D12D91A7D5}.Debug|x64.ActiveCfg = Debug|x64
		{6F1A9D90-7A7D-4E91-8468-80D12D91A7D5}.Debug|x64.Build.0 = Debug|x64
		{6F1A9D90-7A7D-4E91-8468-80D12D91A7D5}.Release|x64.ActiveCfg = Release|x64
		{6F1A9D90-7A7D-4E91-8468-80D12D91A7D5}.Release|x64.Build.0 = Release|x64
		{73C95171-A846-4069-BEF0-6F253285899B}.Debug|x64.ActiveCfg = Debug|Any CPU
		{73C95171-A846-4069-BEF0-6F253285899B}.Debug|x64.Build.0 = Debug|Any CPU
		{73C95171-A846-4069-BEF0-6F253285899B}.Release|x64.ActiveCfg = Release|Any CPU
		{73C95171-A846-4069-BEF0-6F253285899B}.Release|x64.Build.0 = Release|Any CPU
		{9FD65A5A-8A52-4CE3-913D-DB37C5E737D2}.Debug|x64.ActiveCfg = Debug|Any CPU
		{9FD65A5A-8A52-4CE3-913D-DB37C5E737D2}.Debug|x64.Build.0 = Debug|Any CPU
		{9FD65A5A-8A52-4CE3-913D-DB37C5E737D2}.Release|x64.ActiveCfg = Release|Any CPU
		{9FD65A5A-8A52-4CE3-913D-DB37C5E737D2}.Release|x64.Build.0 = Release|Any CPU
		{D4DDBAF0-0D62-4F2F-BF34-1ED2C4D82D78}.Debug|x64.ActiveCfg = Debug|Any CPU
		{D4DDBAF0-0D62-4F2F-BF34-1ED2C4D82D78}.Debug|x64.Build.0 = Debug|Any CPU
		{D4DDBAF0-0D62-4F2F-BF34-1ED2C4D82D78}.Release|x64.ActiveCfg = Release|Any CPU
		{D4DDBAF0-0D62-4F2F-BF34-1ED2C4D82D78}.Release|x64.Build.0 = Release|Any CPU
	EndGlobalSection
	GlobalSection(SolutionProperties) = preSolution
		HideSolutionNode = FALSE
	EndGlobalSection
	GlobalSection(NestedProjects) = preSolution
		{3E3D8F22-1FD8-4A53-81D4-11998454C03B} = {827E0CD3-B72D-47B6-A68D-7590B98EB39B}
		{C15FAD0B-1772-4DAB-B9AF-7235E4026685} = {827E0CD3-B72D-47B6-A68D-7590B98EB39B}
		{6F1A9D90-7A7D-4E91-8468-80D12D91A7D5} = {827E0CD3-B72D-47B6-A68D-7590B98EB39B}
		{73C95171-A846-4069-BEF0-6F253285899B} = {0AB3BF05-4346-4AA6-1389-037BE0695223}
		{9FD65A5A-8A52-4CE3-913D-DB37C5E737D2} = {61FA0D9E-B582-43B2-A2B6-7003299C2980}
		{D4DDBAF0-0D62-4F2F-BF34-1ED2C4D82D78} = {61FA0D9E-B582-43B2-A2B6-7003299C2980}
	EndGlobalSection
EndGlobal
