<?xml version="1.0" encoding="utf-8"?>
<Project ToolsVersion="15.0" xmlns="http://schemas.microsoft.com/developer/msbuild/2003">
  <ItemGroup>
    <Filter Include="Generated Files">
      <UniqueIdentifier>{926AB91D-31B4-48C3-B9A4-E681349F27F0}</UniqueIdentifier>
    </Filter>
  </ItemGroup>
  <ItemGroup>
    <ClCompile Include="DxDeviceResources.cpp" />
    <ClCompile Include="HdrDisplayController.cpp" />
    <ClCompile Include="Media\AudioDecoder.cpp" />
    <ClCompile Include="Media\AudioRenderer.cpp" />
    <ClCompile Include="Media\DxgiColorSpaceMapper.cpp" />
    <ClCompile Include="Media\FfmpegMediaSource.cpp" />
    <ClCompile Include="Media\HdrToneMappingPass.cpp" />
    <ClCompile Include="Media\HttpMediaInput.cpp" />
    <ClCompile Include="Media\PlaybackGraph.cpp" />
    <ClCompile Include="Media\SubtitleDecoder.cpp" />
    <ClCompile Include="Media\SubtitleRenderer.cpp" />
    <ClCompile Include="Media\VideoDecoder.cpp" />
    <ClCompile Include="Media\VideoRenderer.cpp" />
    <ClCompile Include="pch.cpp" />
    <ClCompile Include="NativePlaybackDiagnostics.cpp" />
    <ClCompile Include="NativePlaybackEngine.cpp" />
    <ClCompile Include="NativePlaybackOpenRequest.cpp" />
    <ClCompile Include="NativePlaybackQualityMetrics.cpp" />
    <ClCompile Include="NativePlaybackStatus.cpp" />
    <ClCompile Include="Generated Files\module.g.cpp">
      <Filter>Generated Files</Filter>
    </ClCompile>
  </ItemGroup>
  <ItemGroup>
    <ClInclude Include="DxDeviceResources.h" />
    <ClInclude Include="HdrDisplayController.h" />
    <ClInclude Include="HdrDisplayRefreshRateSnapshot.h" />
    <ClInclude Include="HdrDisplayRefreshRatePolicy.h" />
    <ClInclude Include="Media\AudioDecoder.h" />
    <ClInclude Include="Media\AudioRenderer.h" />
    <ClInclude Include="Media\DolbyVisionConfiguration.h" />
    <ClInclude Include="Media\DxgiColorSpaceMapper.h" />
    <ClInclude Include="Media\FfmpegMediaSource.h" />
    <ClInclude Include="Media\FramePacing.h" />
    <ClInclude Include="Media\HdrToneMappingPass.h" />
    <ClInclude Include="Media\HttpMediaInput.h" />
    <ClInclude Include="Media\PlaybackGraph.h" />
    <ClInclude Include="Media\PlaybackQualityMetrics.h" />
    <ClInclude Include="Media\SubtitleDecoder.h" />
    <ClInclude Include="Media\SubtitleRenderer.h" />
    <ClInclude Include="Media\VideoDecoder.h" />
    <ClInclude Include="Media\VideoRenderer.h" />
    <ClInclude Include="pch.h" />
    <ClInclude Include="NativePlaybackDiagnostics.h" />
    <ClInclude Include="NativePlaybackEngine.h" />
    <ClInclude Include="NativePlaybackOpenRequest.h" />
    <ClInclude Include="NativePlaybackQualityMetrics.h" />
    <ClInclude Include="NativePlaybackStatus.h" />
  </ItemGroup>
  <ItemGroup>
    <Midl Include="NativePlaybackEngine.idl" />
  </ItemGroup>
  <ItemGroup>
    <None Include="NextGenEmby.Native.def" />
    <None Include="packages.config" />
    <None Include="PropertySheet.props" />
  </ItemGroup>
</Project>
